
Microsoft Visual Studio Solution File, Format Version 12.00
# Visual Studio 2013
VisualStudioVersion = 12.0.31101.0
MinimumVisualStudioVersion = 10.0.40219.1
Project("{FAE04EC0-301F-11D3-BF4B-00C04F79EFBC}") = "GpioCore", "GpioCore\GpioCore.csproj", "{2382219F-1155-4917-8BEE-672949829EA9}"
EndProject
Project("{FAE04EC0-301F-11D3-BF4B-00C04F79EFBC}") = "GpioUtils", "GpioUtils\GpioUtils.csproj", "{CD2CE894-534E-4B1C-AE83-D7E4E3B41AE6}"
EndProject
Project("{2150E333-8FDC-42A3-9474-1A3956D46DE8}") = ".nuget", ".nuget", "{DB957A22-FEAB-409F-ACEB-D46AD7A7D3B0}"
	ProjectSection(SolutionItems) = preProject
		.nuget\NuGet.Config = .nuget\NuGet.Config
		.nuget\NuGet.exe = .nuget\NuGet.exe
		.nuget\NuGet.targets = .nuget\NuGet.targets
	EndProjectSection
EndProject
Global
	GlobalSection(SolutionConfigurationPlatforms) = preSolution
		Debug|Any CPU = Debug|Any CPU
		Release|Any CPU = Release|Any CPU
	EndGlobalSection
	GlobalSection(ProjectConfigurationPlatforms) = postSolution
		{2382219F-1155-4917-8BEE-672949829EA9}.Debug|Any CPU.ActiveCfg = Debug|Any CPU
		{2382219F-1155-4917-8BEE-672949829EA9}.Debug|Any CPU.Build.0 = Debug|Any CPU
		{2382219F-1155-4917-8BEE-672949829EA9}.Release|Any CPU.ActiveCfg = Release|Any CPU
		{2382219F-1155-4917-8BEE-672949829EA9}.Release|Any CPU.Build.0 = Release|Any CPU
		{CD2CE894-534E-4B1C-AE83-D7E4E3B41AE6}.Debug|Any CPU.ActiveCfg = Debug|Any CPU
		{CD2CE894-534E-4B1C-AE83-D7E4E3B41AE6}.Debug|Any CPU.Build.0 = Debug|Any CPU
		{CD2CE894-534E-4B1C-AE83-D7E4E3B41AE6}.Release|Any CPU.ActiveCfg = Release|Any CPU
		{CD2CE894-534E-4B1C-AE83-D7E4E3B41AE6}.Release|Any CPU.Build.0 = Release|Any CPU
	EndGlobalSection
	GlobalSection(SolutionProperties) = preSolution
		HideSolutionNode = FALSE
	EndGlobalSection
EndGlobal
